
Microsoft Visual Studio Solution File, Format Version 12.00
# Visual Studio Version 16
VisualStudioVersion = 16.0.30611.23
MinimumVisualStudioVersion = 10.0.40219.1
Project("{FAE04EC0-301F-11D3-BF4B-00C04F79EFBC}") = "SalesProduct", "SalesProduct\SalesProduct.csproj", "{AB6869F3-1D04-4702-87B0-13AB5CB36B63}"
EndProject
Global
	GlobalSection(SolutionConfigurationPlatforms) = preSolution
		Debug|Any CPU = Debug|Any CPU
		Release|Any CPU = Release|Any CPU
	EndGlobalSection
	GlobalSection(ProjectConfigurationPlatforms) = postSolution
		{AB6869F3-1D04-4702-87B0-13AB5CB36B63}.Debug|Any CPU.ActiveCfg = Debug|Any CPU
		{AB6869F3-1D04-4702-87B0-13AB5CB36B63}.Debug|Any CPU.Build.0 = Debug|Any CPU
		{AB6869F3-1D04-4702-87B0-13AB5CB36B63}.Release|Any CPU.ActiveCfg = Release|Any CPU
		{AB6869F3-1D04-4702-87B0-13AB5CB36B63}.Release|Any CPU.Build.0 = Release|Any CPU
	EndGlobalSection
	GlobalSection(SolutionProperties) = preSolution
		HideSolutionNode = FALSE
	EndGlobalSection
	GlobalSection(ExtensibilityGlobals) = postSolution
		SolutionGuid = {47603CEB-FFBD-4190-B057-164C747B438D}
	EndGlobalSection
EndGlobal
